
Microsoft Visual Studio Solution File, Format Version 12.00
# Visual Studio Version 17
VisualStudioVersion = 17.1.32407.343
MinimumVisualStudioVersion = 10.0.40219.1
Project("{9A19103F-16F7-4668-BE54-9A1E7A4F7556}") = "Task_002", "Task_002\Task_002.csproj", "{3B693869-D441-40F4-A6EE-8E9545538BB6}"
EndProject
Project("{9A19103F-16F7-4668-BE54-9A1E7A4F7556}") = "Task_003", "Task_003\Task_003.csproj", "{0DBB9921-05BC-4037-9966-E4B2458F9E1F}"
EndProject
Project("{9A19103F-16F7-4668-BE54-9A1E7A4F7556}") = "Task_005", "Task_005\Task_005.csproj", "{5CE82CBD-B7C8-4EC4-9766-C4E46A766136}"
EndProject
Global
	GlobalSection(SolutionConfigurationPlatforms) = preSolution
		Debug|Any CPU = Debug|Any CPU
		Release|Any CPU = Release|Any CPU
	EndGlobalSection
	GlobalSection(ProjectConfigurationPlatforms) = postSolution
		{3B693869-D441-40F4-A6EE-8E9545538BB6}.Debug|Any CPU.ActiveCfg = Debug|Any CPU
		{3B693869-D441-40F4-A6EE-8E9545538BB6}.Debug|Any CPU.Build.0 = Debug|Any CPU
		{3B693869-D441-40F4-A6EE-8E9545538BB6}.Release|Any CPU.ActiveCfg = Release|Any CPU
		{3B693869-D441-40F4-A6EE-8E9545538BB6}.Release|Any CPU.Build.0 = Release|Any CPU
		{0DBB9921-05BC-4037-9966-E4B2458F9E1F}.Debug|Any CPU.ActiveCfg = Debug|Any CPU
		{0DBB9921-05BC-4037-9966-E4B2458F9E1F}.Debug|Any CPU.Build.0 = Debug|Any CPU
		{0DBB9921-05BC-4037-9966-E4B2458F9E1F}.Release|Any CPU.ActiveCfg = Release|Any CPU
		{0DBB9921-05BC-4037-9966-E4B2458F9E1F}.Release|Any CPU.Build.0 = Release|Any CPU
		{5CE82CBD-B7C8-4EC4-9766-C4E46A766136}.Debug|Any CPU.ActiveCfg = Debug|Any CPU
		{5CE82CBD-B7C8-4EC4-9766-C4E46A766136}.Debug|Any CPU.Build.0 = Debug|Any CPU
		{5CE82CBD-B7C8-4EC4-9766-C4E46A766136}.Release|Any CPU.ActiveCfg = Release|Any CPU
		{5CE82CBD-B7C8-4EC4-9766-C4E46A766136}.Release|Any CPU.Build.0 = Release|Any CPU
	EndGlobalSection
	GlobalSection(SolutionProperties) = preSolution
		HideSolutionNode = FALSE
	EndGlobalSection
	GlobalSection(ExtensibilityGlobals) = postSolution
		SolutionGuid = {B2794B7F-1FAC-481C-9203-C46449A3EBF3}
	EndGlobalSection
EndGlobal
